
Microsoft Visual Studio Solution File, Format Version 10.00
# Visual Studio 2008
Project("{FAE04EC0-301F-11D3-BF4B-00C04F79EFBC}") = "Rockband Drum Kit", "Rockband Drum Kit\Rockband Drum Kit.csproj", "{0868FC1B-6996-4A9D-B824-DE19E679DDED}"
EndProject
Global
	GlobalSection(SolutionConfigurationPlatforms) = preSolution
		Debug|Any CPU = Debug|Any CPU
		Release|Any CPU = Release|Any CPU
	EndGlobalSection
	GlobalSection(ProjectConfigurationPlatforms) = postSolution
		{0868FC1B-6996-4A9D-B824-DE19E679DDED}.Debug|Any CPU.ActiveCfg = Debug|Any CPU
		{0868FC1B-6996-4A9D-B824-DE19E679DDED}.Debug|Any CPU.Build.0 = Debug|Any CPU
		{0868FC1B-6996-4A9D-B824-DE19E679DDED}.Release|Any CPU.ActiveCfg = Release|Any CPU
		{0868FC1B-6996-4A9D-B824-DE19E679DDED}.Release|Any CPU.Build.0 = Release|Any CPU
	EndGlobalSection
	GlobalSection(SolutionProperties) = preSolution
		HideSolutionNode = FALSE
	EndGlobalSection
EndGlobal
